{
  "requires": true,
  "lockfileVersion": 1,
  "dependencies": {
    "@vue/devtools-api": {
      "version": "6.5.0",
      "resolved": "https://registry.npmjs.org/@vue/devtools-api/-/devtools-api-6.5.0.tgz",
      "integrity": "sha512-o9KfBeaBmCKl10usN4crU53fYtC1r7jJwdGKjPT24t348rHxgfpZ0xL3Xm/gLUYnc0oTp8LAmrxOeLyu6tbk2Q=="
    },
    "pinia": {
      "version": "2.0.34",
      "resolved": "https://registry.npmjs.org/pinia/-/pinia-2.0.34.tgz",
      "integrity": "sha512-cgOoGUiyqX0SSgX8XelK9+Ri4XA2/YyNtgjogwfzIx1g7iZTaZPxm7/bZYMCLU2qHRiHhxG7SuQO0eBacFNc2Q==",
      "requires": {
        "@vue/devtools-api": "^6.5.0",
        "vue-demi": "*"
      }
    },
    "vue-demi": {
      "version": "0.13.11",
      "resolved": "https://registry.npmjs.org/vue-demi/-/vue-demi-0.13.11.tgz",
      "integrity": "sha512-IR8HoEEGM65YY3ZJYAjMlKygDQn25D5ajNFNoKh9RSDMQtlzCxtfQjdQgv9jjK+m3377SsJXY8ysq8kLCZL25A=="
    }
  }
}
